
Microsoft Visual Studio Solution File, Format Version 12.00
# Visual Studio Version 17
VisualStudioVersion = 17.9.34714.143
MinimumVisualStudioVersion = 10.0.40219.1
Project("{FAE04EC0-301F-11D3-BF4B-00C04F79EFBC}") = "WindowsFormsApp3", "WindowsFormsApp3\WindowsFormsApp3.csproj", "{D5606568-B331-4490-B127-25C911B3EC9C}"
EndProject
Global
	GlobalSection(SolutionConfigurationPlatforms) = preSolution
		Debug|Any CPU = Debug|Any CPU
		Release|Any CPU = Release|Any CPU
	EndGlobalSection
	GlobalSection(ProjectConfigurationPlatforms) = postSolution
		{D5606568-B331-4490-B127-25C911B3EC9C}.Debug|Any CPU.ActiveCfg = Debug|Any CPU
		{D5606568-B331-4490-B127-25C911B3EC9C}.Debug|Any CPU.Build.0 = Debug|Any CPU
		{D5606568-B331-4490-B127-25C911B3EC9C}.Release|Any CPU.ActiveCfg = Release|Any CPU
		{D5606568-B331-4490-B127-25C911B3EC9C}.Release|Any CPU.Build.0 = Release|Any CPU
	EndGlobalSection
	GlobalSection(SolutionProperties) = preSolution
		HideSolutionNode = FALSE
	EndGlobalSection
	GlobalSection(ExtensibilityGlobals) = postSolution
		SolutionGuid = {5425CF06-958D-456F-AC7A-B66EF432CE26}
	EndGlobalSection
EndGlobal
