
Microsoft Visual Studio Solution File, Format Version 12.00
# Visual Studio Version 17
VisualStudioVersion = 17.9.34714.143
MinimumVisualStudioVersion = 10.0.40219.1
Project("{FAE04EC0-301F-11D3-BF4B-00C04F79EFBC}") = "namename", "namename\namename.csproj", "{F600CC11-6F5D-4441-96D3-D6591AB9E671}"
EndProject
Global
	GlobalSection(SolutionConfigurationPlatforms) = preSolution
		Debug|Any CPU = Debug|Any CPU
		Release|Any CPU = Release|Any CPU
	EndGlobalSection
	GlobalSection(ProjectConfigurationPlatforms) = postSolution
		{F600CC11-6F5D-4441-96D3-D6591AB9E671}.Debug|Any CPU.ActiveCfg = Debug|Any CPU
		{F600CC11-6F5D-4441-96D3-D6591AB9E671}.Debug|Any CPU.Build.0 = Debug|Any CPU
		{F600CC11-6F5D-4441-96D3-D6591AB9E671}.Release|Any CPU.ActiveCfg = Release|Any CPU
		{F600CC11-6F5D-4441-96D3-D6591AB9E671}.Release|Any CPU.Build.0 = Release|Any CPU
	EndGlobalSection
	GlobalSection(SolutionProperties) = preSolution
		HideSolutionNode = FALSE
	EndGlobalSection
	GlobalSection(ExtensibilityGlobals) = postSolution
		SolutionGuid = {562CE374-C5E6-4A33-A293-A484875615A5}
	EndGlobalSection
EndGlobal
