
Microsoft Visual Studio Solution File, Format Version 12.00
# Visual Studio Version 17
VisualStudioVersion = 17.9.34714.143
MinimumVisualStudioVersion = 10.0.40219.1
Project("{9A19103F-16F7-4668-BE54-9A1E7A4F7556}") = "Livre", "Livre\Livre.csproj", "{8E32ADFA-45BC-4BE9-B3E0-D7056B565D20}"
EndProject
Global
	GlobalSection(SolutionConfigurationPlatforms) = preSolution
		Debug|Any CPU = Debug|Any CPU
		Release|Any CPU = Release|Any CPU
	EndGlobalSection
	GlobalSection(ProjectConfigurationPlatforms) = postSolution
		{8E32ADFA-45BC-4BE9-B3E0-D7056B565D20}.Debug|Any CPU.ActiveCfg = Debug|Any CPU
		{8E32ADFA-45BC-4BE9-B3E0-D7056B565D20}.Debug|Any CPU.Build.0 = Debug|Any CPU
		{8E32ADFA-45BC-4BE9-B3E0-D7056B565D20}.Release|Any CPU.ActiveCfg = Release|Any CPU
		{8E32ADFA-45BC-4BE9-B3E0-D7056B565D20}.Release|Any CPU.Build.0 = Release|Any CPU
	EndGlobalSection
	GlobalSection(SolutionProperties) = preSolution
		HideSolutionNode = FALSE
	EndGlobalSection
	GlobalSection(ExtensibilityGlobals) = postSolution
		SolutionGuid = {12E21C0A-1FF1-48D5-9680-C70F4D34BA5D}
	EndGlobalSection
EndGlobal
