
Microsoft Visual Studio Solution File, Format Version 12.00
# Visual Studio Version 17
VisualStudioVersion = 17.9.34714.143
MinimumVisualStudioVersion = 10.0.40219.1
Project("{9A19103F-16F7-4668-BE54-9A1E7A4F7556}") = "cesiAnimal", "..\..\..\..\..\Videos\c--animal-cesi-develop\cesiAnimal\cesiAnimal\cesiAnimal.csproj", "{15E69084-9AC5-4259-9685-F74AB7AA99BA}"
EndProject
Global
	GlobalSection(SolutionConfigurationPlatforms) = preSolution
		Debug|Any CPU = Debug|Any CPU
		Release|Any CPU = Release|Any CPU
	EndGlobalSection
	GlobalSection(ProjectConfigurationPlatforms) = postSolution
		{15E69084-9AC5-4259-9685-F74AB7AA99BA}.Debug|Any CPU.ActiveCfg = Debug|Any CPU
		{15E69084-9AC5-4259-9685-F74AB7AA99BA}.Debug|Any CPU.Build.0 = Debug|Any CPU
		{15E69084-9AC5-4259-9685-F74AB7AA99BA}.Release|Any CPU.ActiveCfg = Release|Any CPU
		{15E69084-9AC5-4259-9685-F74AB7AA99BA}.Release|Any CPU.Build.0 = Release|Any CPU
	EndGlobalSection
	GlobalSection(SolutionProperties) = preSolution
		HideSolutionNode = FALSE
	EndGlobalSection
	GlobalSection(ExtensibilityGlobals) = postSolution
		SolutionGuid = {ADC0FE47-C80F-4200-9D20-2E2513F3C504}
	EndGlobalSection
EndGlobal
